// !$*UTF8*$!
{
	archiveVersion = 1;
	classes = {
	};
	objectVersion = 50;
	objects = {

/* Begin PBXBuildFile section */
		25B0C353F16267B996C38DE6 /* Pods_Usha.framework in Frameworks */ = {isa = PBXBuildFile; fileRef = 055F00EB8E6BE9492DACBC56 /* Pods_Usha.framework */; };
		CC2C4CAB244D857500E988EA /* AppDelegate.swift in Sources */ = {isa = PBXBuildFile; fileRef = CC2C4CAA244D857500E988EA /* AppDelegate.swift */; };
		CC2C4CAD244D857500E988EA /* SceneDelegate.swift in Sources */ = {isa = PBXBuildFile; fileRef = CC2C4CAC244D857500E988EA /* SceneDelegate.swift */; };
		CC2C4CAF244D857500E988EA /* ViewController.swift in Sources */ = {isa = PBXBuildFile; fileRef = CC2C4CAE244D857500E988EA /* ViewController.swift */; };
		CC2C4CB2244D857500E988EA /* Main.storyboard in Resources */ = {isa = PBXBuildFile; fileRef = CC2C4CB0244D857500E988EA /* Main.storyboard */; };
		CC2C4CB4244D857600E988EA /* Assets.xcassets in Resources */ = {isa = PBXBuildFile; fileRef = CC2C4CB3244D857600E988EA /* Assets.xcassets */; };
		CC2C4CB7244D857600E988EA /* LaunchScreen.storyboard in Resources */ = {isa = PBXBuildFile; fileRef = CC2C4CB5244D857600E988EA /* LaunchScreen.storyboard */; };
/* End PBXBuildFile section */

/* Begin PBXFileReference section */
		055F00EB8E6BE9492DACBC56 /* Pods_Usha.framework */ = {isa = PBXFileReference; explicitFileType = wrapper.framework; includeInIndex = 0; path = Pods_Usha.framework; sourceTree = BUILT_PRODUCTS_DIR; };
		076EFEAB61A82B50C9CD17F7 /* Pods-Usha.debug.xcconfig */ = {isa = PBXFileReference; includeInIndex = 1; lastKnownFileType = text.xcconfig; name = "Pods-Usha.debug.xcconfig"; path = "Target Support Files/Pods-Usha/Pods-Usha.debug.xcconfig"; sourceTree = "<group>"; };
		CC2C4CA7244D857500E988EA /* Usha.app */ = {isa = PBXFileReference; explicitFileType = wrapper.application; includeInIndex = 0; path = Usha.app; sourceTree = BUILT_PRODUCTS_DIR; };
		CC2C4CAA244D857500E988EA /* AppDelegate.swift */ = {isa = PBXFileReference; lastKnownFileType = sourcecode.swift; path = AppDelegate.swift; sourceTree = "<group>"; };
		CC2C4CAC244D857500E988EA /* SceneDelegate.swift */ = {isa = PBXFileReference; lastKnownFileType = sourcecode.swift; path = SceneDelegate.swift; sourceTree = "<group>"; };
		CC2C4CAE244D857500E988EA /* ViewController.swift */ = {isa = PBXFileReference; lastKnownFileType = sourcecode.swift; path = ViewController.swift; sourceTree = "<group>"; };
		CC2C4CB1244D857500E988EA /* Base */ = {isa = PBXFileReference; lastKnownFileType = file.storyboard; name = Base; path = Base.lproj/Main.storyboard; sourceTree = "<group>"; };
		CC2C4CB3244D857600E988EA /* Assets.xcassets */ = {isa = PBXFileReference; lastKnownFileType = folder.assetcatalog; path = Assets.xcassets; sourceTree = "<group>"; };
		CC2C4CB6244D857600E988EA /* Base */ = {isa = PBXFileReference; lastKnownFileType = file.storyboard; name = Base; path = Base.lproj/LaunchScreen.storyboard; sourceTree = "<group>"; };
		CC2C4CB8244D857600E988EA /* Info.plist */ = {isa = PBXFileReference; lastKnownFileType = text.plist.xml; path = Info.plist; sourceTree = "<group>"; };
		D5C6DE1708F0C4F48A23C4F9 /* Pods-Usha.release.xcconfig */ = {isa = PBXFileReference; includeInIndex = 1; lastKnownFileType = text.xcconfig; name = "Pods-Usha.release.xcconfig"; path = "Target Support Files/Pods-Usha/Pods-Usha.release.xcconfig"; sourceTree = "<group>"; };
/* End PBXFileReference section */

/* Begin PBXFrameworksBuildPhase section */
		CC2C4CA4244D857500E988EA /* Frameworks */ = {
			isa = PBXFrameworksBuildPhase;
			buildActionMask = 2147483647;
			files = (
				25B0C353F16267B996C38DE6 /* Pods_Usha.framework in Frameworks */,
			);
			runOnlyForDeploymentPostprocessing = 0;
		};
/* End PBXFrameworksBuildPhase section */

/* Begin PBXGroup section */
		936BFBBD27DA9F9C383C89A1 /* Pods */ = {
			isa = PBXGroup;
			children = (
				076EFEAB61A82B50C9CD17F7 /* Pods-Usha.debug.xcconfig */,
				D5C6DE1708F0C4F48A23C4F9 /* Pods-Usha.release.xcconfig */,
			);
			name = Pods;
			path = Pods;
			sourceTree = "<group>";
		};
		CC2C4C9E244D857500E988EA = {
			isa = PBXGroup;
			children = (
				CC2C4CA9244D857500E988EA /* Usha */,
				CC2C4CA8244D857500E988EA /* Products */,
				936BFBBD27DA9F9C383C89A1 /* Pods */,
				F74B60B15DFBDADEB3992B76 /* Frameworks */,
			);
			sourceTree = "<group>";
		};
		CC2C4CA8244D857500E988EA /* Products */ = {
			isa = PBXGroup;
			children = (
				CC2C4CA7244D857500E988EA /* Usha.app */,
			);
			name = Products;
			sourceTree = "<group>";
		};
		CC2C4CA9244D857500E988EA /* Usha */ = {
			isa = PBXGroup;
			children = (
				CC2C4CAA244D857500E988EA /* AppDelegate.swift */,
				CC2C4CAC244D857500E988EA /* SceneDelegate.swift */,
				CC2C4CAE244D857500E988EA /* ViewController.swift */,
				CC2C4CB0244D857500E988EA /* Main.storyboard */,
				CC2C4CB3244D857600E988EA /* Assets.xcassets */,
				CC2C4CB5244D857600E988EA /* LaunchScreen.storyboard */,
				CC2C4CB8244D857600E988EA /* Info.plist */,
			);
			path = Usha;
			sourceTree = "<group>";
		};
		F74B60B15DFBDADEB3992B76 /* Frameworks */ = {
			isa = PBXGroup;
			children = (
				055F00EB8E6BE9492DACBC56 /* Pods_Usha.framework */,
			);
			name = Frameworks;
			sourceTree = "<group>";
		};
/* End PBXGroup section */

/* Begin PBXNativeTarget section */
		CC2C4CA6244D857500E988EA /* Usha */ = {
			isa = PBXNativeTarget;
			buildConfigurationList = CC2C4CBB244D857600E988EA /* Build configuration list for PBXNativeTarget "Usha" */;
			buildPhases = (
				072585BBA905E07333742F06 /* [CP] Check Pods Manifest.lock */,
				CC2C4CA3244D857500E988EA /* Sources */,
				CC2C4CA4244D857500E988EA /* Frameworks */,
				CC2C4CA5244D857500E988EA /* Resources */,
				21B38F58E33006DFAD313AC1 /* [CP] Embed Pods Frameworks */,
			);
			buildRules = (
			);
			dependencies = (
			);
			name = Usha;
			productName = Usha;
			productReference = CC2C4CA7244D857500E988EA /* Usha.app */;
			productType = "com.apple.product-type.application";
		};
/* End PBXNativeTarget section */

/* Begin PBXProject section */
		CC2C4C9F244D857500E988EA /* Project object */ = {
			isa = PBXProject;
			attributes = {
				LastSwiftUpdateCheck = 1130;
				LastUpgradeCheck = 1130;
				ORGANIZATIONNAME = "Rajshekhar Sahu";
				TargetAttributes = {
					CC2C4CA6244D857500E988EA = {
						CreatedOnToolsVersion = 11.3;
					};
				};
			};
			buildConfigurationList = CC2C4CA2244D857500E988EA /* Build configuration list for PBXProject "Usha" */;
			compatibilityVersion = "Xcode 9.3";
			developmentRegion = en;
			hasScannedForEncodings = 0;
			knownRegions = (
				en,
				Base,
			);
			mainGroup = CC2C4C9E244D857500E988EA;
			productRefGroup = CC2C4CA8244D857500E988EA /* Products */;
			projectDirPath = "";
			projectRoot = "";
			targets = (
				CC2C4CA6244D857500E988EA /* Usha */,
			);
		};
/* End PBXProject section */

/* Begin PBXResourcesBuildPhase section */
		CC2C4CA5244D857500E988EA /* Resources */ = {
			isa = PBXResourcesBuildPhase;
			buildActionMask = 2147483647;
			files = (
				CC2C4CB7244D857600E988EA /* LaunchScreen.storyboard in Resources */,
				CC2C4CB4244D857600E988EA /* Assets.xcassets in Resources */,
				CC2C4CB2244D857500E988EA /* Main.storyboard in Resources */,
			);
			runOnlyForDeploymentPostprocessing = 0;
		};
/* End PBXResourcesBuildPhase section */

/* Begin PBXShellScriptBuildPhase section */
		072585BBA905E07333742F06 /* [CP] Check Pods Manifest.lock */ = {
			isa = PBXShellScriptBuildPhase;
			buildActionMask = 2147483647;
			files = (
			);
			inputFileListPaths = (
			);
			inputPaths = (
				"${PODS_PODFILE_DIR_PATH}/Podfile.lock",
				"${PODS_ROOT}/Manifest.lock",
			);
			name = "[CP] Check Pods Manifest.lock";
			outputFileListPaths = (
			);
			outputPaths = (
				"$(DERIVED_FILE_DIR)/Pods-Usha-checkManifestLockResult.txt",
			);
			runOnlyForDeploymentPostprocessing = 0;
			shellPath = /bin/sh;
			shellScript = "diff \"${PODS_PODFILE_DIR_PATH}/Podfile.lock\" \"${PODS_ROOT}/Manifest.lock\" > /dev/null\nif [ $? != 0 ] ; then\n    # print error to STDERR\n    echo \"error: The sandbox is not in sync with the Podfile.lock. Run 'pod install' or update your CocoaPods installation.\" >&2\n    exit 1\nfi\n# This output is used by Xcode 'outputs' to avoid re-running this script phase.\necho \"SUCCESS\" > \"${SCRIPT_OUTPUT_FILE_0}\"\n";
			showEnvVarsInLog = 0;
		};
		21B38F58E33006DFAD313AC1 /* [CP] Embed Pods Frameworks */ = {
			isa = PBXShellScriptBuildPhase;
			buildActionMask = 2147483647;
			files = (
			);
			inputFileListPaths = (
				"${PODS_ROOT}/Target Support Files/Pods-Usha/Pods-Usha-frameworks-${CONFIGURATION}-input-files.xcfilelist",
			);
			name = "[CP] Embed Pods Frameworks";
			outputFileListPaths = (
				"${PODS_ROOT}/Target Support Files/Pods-Usha/Pods-Usha-frameworks-${CONFIGURATION}-output-files.xcfilelist",
			);
			runOnlyForDeploymentPostprocessing = 0;
			shellPath = /bin/sh;
			shellScript = "\"${PODS_ROOT}/Target Support Files/Pods-Usha/Pods-Usha-frameworks.sh\"\n";
			showEnvVarsInLog = 0;
		};
/* End PBXShellScriptBuildPhase section */

/* Begin PBXSourcesBuildPhase section */
		CC2C4CA3244D857500E988EA /* Sources */ = {
			isa = PBXSourcesBuildPhase;
			buildActionMask = 2147483647;
			files = (
				CC2C4CAF244D857500E988EA /* ViewController.swift in Sources */,
				CC2C4CAB244D857500E988EA /* AppDelegate.swift in Sources */,
				CC2C4CAD244D857500E988EA /* SceneDelegate.swift in Sources */,
			);
			runOnlyForDeploymentPostprocessing = 0;
		};
/* End PBXSourcesBuildPhase section */

/* Begin PBXVariantGroup section */
		CC2C4CB0244D857500E988EA /* Main.storyboard */ = {
			isa = PBXVariantGroup;
			children = (
				CC2C4CB1244D857500E988EA /* Base */,
			);
			name = Main.storyboard;
			sourceTree = "<group>";
		};
		CC2C4CB5244D857600E988EA /* LaunchScreen.storyboard */ = {
			isa = PBXVariantGroup;
			children = (
				CC2C4CB6244D857600E988EA /* Base */,
			);
			name = LaunchScreen.storyboard;
			sourceTree = "<group>";
		};
/* End PBXVariantGroup section */

/* Begin XCBuildConfiguration section */
		CC2C4CB9244D857600E988EA /* Debug */ = {
			isa = XCBuildConfiguration;
			buildSettings = {
				ALWAYS_SEARCH_USER_PATHS = NO;
				CLANG_ANALYZER_NONNULL = YES;
				CLANG_ANALYZER_NUMBER_OBJECT_CONVERSION = YES_AGGRESSIVE;
				CLANG_CXX_LANGUAGE_STANDARD = "gnu++14";
				CLANG_CXX_LIBRARY = "libc++";
				CLANG_ENABLE_MODULES = YES;
				CLANG_ENABLE_OBJC_ARC = YES;
				CLANG_ENABLE_OBJC_WEAK = YES;
				CLANG_WARN_BLOCK_CAPTURE_AUTORELEASING = YES;
				CLANG_WARN_BOOL_CONVERSION = YES;
				CLANG_WARN_COMMA = YES;
				CLANG_WARN_CONSTANT_CONVERSION = YES;
				CLANG_WARN_DEPRECATED_OBJC_IMPLEMENTATIONS = YES;
				CLANG_WARN_DIRECT_OBJC_ISA_USAGE = YES_ERROR;
				CLANG_WARN_DOCUMENTATION_COMMENTS = YES;
				CLANG_WARN_EMPTY_BODY = YES;
				CLANG_WARN_ENUM_CONVERSION = YES;
				CLANG_WARN_INFINITE_RECURSION = YES;
				CLANG_WARN_INT_CONVERSION = YES;
				CLANG_WARN_NON_LITERAL_NULL_CONVERSION = YES;
				CLANG_WARN_OBJC_IMPLICIT_RETAIN_SELF = YES;
				CLANG_WARN_OBJC_LITERAL_CONVERSION = YES;
				CLANG_WARN_OBJC_ROOT_CLASS = YES_ERROR;
				CLANG_WARN_RANGE_LOOP_ANALYSIS = YES;
				CLANG_WARN_STRICT_PROTOTYPES = YES;
				CLANG_WARN_SUSPICIOUS_MOVE = YES;
				CLANG_WARN_UNGUARDED_AVAILABILITY = YES_AGGRESSIVE;
				CLANG_WARN_UNREACHABLE_CODE = YES;
				CLANG_WARN__DUPLICATE_METHOD_MATCH = YES;
				COPY_PHASE_STRIP = NO;
				DEBUG_INFORMATION_FORMAT = dwarf;
				ENABLE_STRICT_OBJC_MSGSEND = YES;
				ENABLE_TESTABILITY = YES;
				GCC_C_LANGUAGE_STANDARD = gnu11;
				GCC_DYNAMIC_NO_PIC = NO;
				GCC_NO_COMMON_BLOCKS = YES;
				GCC_OPTIMIZATION_LEVEL = 0;
				GCC_PREPROCESSOR_DEFINITIONS = (
					"DEBUG=1",
					"$(inherited)",
				);
				GCC_WARN_64_TO_32_BIT_CONVERSION = YES;
				GCC_WARN_ABOUT_RETURN_TYPE = YES_ERROR;
				GCC_WARN_UNDECLARED_SELECTOR = YES;
				GCC_WARN_UNINITIALIZED_AUTOS = YES_AGGRESSIVE;
				GCC_WARN_UNUSED_FUNCTION = YES;
				GCC_WARN_UNUSED_VARIABLE = YES;
				IPHONEOS_DEPLOYMENT_TARGET = 13.2;
				MTL_ENABLE_DEBUG_INFO = INCLUDE_SOURCE;
				MTL_FAST_MATH = YES;
				ONLY_ACTIVE_ARCH = YES;
				SDKROOT = iphoneos;
				SWIFT_ACTIVE_COMPILATION_CONDITIONS = DEBUG;
				SWIFT_OPTIMIZATION_LEVEL = "-Onone";
			};
			name = Debug;
		};
		CC2C4CBA244D857600E988EA /* Release */ = {
			isa = XCBuildConfiguration;
			buildSettings = {
				ALWAYS_SEARCH_USER_PATHS = NO;
				CLANG_ANALYZER_NONNULL = YES;
				CLANG_ANALYZER_NUMBER_OBJECT_CONVERSION = YES_AGGRESSIVE;
				CLANG_CXX_LANGUAGE_STANDARD = "gnu++14";
				CLANG_CXX_LIBRARY = "libc++";
				CLANG_ENABLE_MODULES = YES;
				CLANG_ENABLE_OBJC_ARC = YES;
				CLANG_ENABLE_OBJC_WEAK = YES;
				CLANG_WARN_BLOCK_CAPTURE_AUTORELEASING = YES;
				CLANG_WARN_BOOL_CONVERSION = YES;
				CLANG_WARN_COMMA = YES;
				CLANG_WARN_CONSTANT_CONVERSION = YES;
				CLANG_WARN_DEPRECATED_OBJC_IMPLEMENTATIONS = YES;
				CLANG_WARN_DIRECT_OBJC_ISA_USAGE = YES_ERROR;
				CLANG_WARN_DOCUMENTATION_COMMENTS = YES;
				CLANG_WARN_EMPTY_BODY = YES;
				CLANG_WARN_ENUM_CONVERSION = YES;
				CLANG_WARN_INFINITE_RECURSION = YES;
				CLANG_WARN_INT_CONVERSION = YES;
				CLANG_WARN_NON_LITERAL_NULL_CONVERSION = YES;
				CLANG_WARN_OBJC_IMPLICIT_RETAIN_SELF = YES;
				CLANG_WARN_OBJC_LITERAL_CONVERSION = YES;
				CLANG_WARN_OBJC_ROOT_CLASS = YES_ERROR;
				CLANG_WARN_RANGE_LOOP_ANALYSIS = YES;
				CLANG_WARN_STRICT_PROTOTYPES = YES;
				CLANG_WARN_SUSPICIOUS_MOVE = YES;
				CLANG_WARN_UNGUARDED_AVAILABILITY = YES_AGGRESSIVE;
				CLANG_WARN_UNREACHABLE_CODE = YES;
				CLANG_WARN__DUPLICATE_METHOD_MATCH = YES;
				COPY_PHASE_STRIP = NO;
				DEBUG_INFORMATION_FORMAT = "dwarf-with-dsym";
				ENABLE_NS_ASSERTIONS = NO;
				ENABLE_STRICT_OBJC_MSGSEND = YES;
				GCC_C_LANGUAGE_STANDARD = gnu11;
				GCC_NO_COMMON_BLOCKS = YES;
				GCC_WARN_64_TO_32_BIT_CONVERSION = YES;
				GCC_WARN_ABOUT_RETURN_TYPE = YES_ERROR;
				GCC_WARN_UNDECLARED_SELECTOR = YES;
				GCC_WARN_UNINITIALIZED_AUTOS = YES_AGGRESSIVE;
				GCC_WARN_UNUSED_FUNCTION = YES;
				GCC_WARN_UNUSED_VARIABLE = YES;
				IPHONEOS_DEPLOYMENT_TARGET = 13.2;
				MTL_ENABLE_DEBUG_INFO = NO;
				MTL_FAST_MATH = YES;
				SDKROOT = iphoneos;
				SWIFT_COMPILATION_MODE = wholemodule;
				SWIFT_OPTIMIZATION_LEVEL = "-O";
				VALIDATE_PRODUCT = YES;
			};
			name = Release;
		};
		CC2C4CBC244D857600E988EA /* Debug */ = {
			isa = XCBuildConfiguration;
			baseConfigurationReference = 076EFEAB61A82B50C9CD17F7 /* Pods-Usha.debug.xcconfig */;
			buildSettings = {
				ASSETCATALOG_COMPILER_APPICON_NAME = AppIcon;
				CODE_SIGN_STYLE = Automatic;
				INFOPLIST_FILE = Usha/Info.plist;
				LD_RUNPATH_SEARCH_PATHS = (
					"$(inherited)",
					"@executable_path/Frameworks",
				);
				PRODUCT_BUNDLE_IDENTIFIER = com.raj.Usha;
				PRODUCT_NAME = "$(TARGET_NAME)";
				SWIFT_VERSION = 5.0;
				TARGETED_DEVICE_FAMILY = "1,2";
			};
			name = Debug;
		};
		CC2C4CBD244D857600E988EA /* Release */ = {
			isa = XCBuildConfiguration;
			baseConfigurationReference = D5C6DE1708F0C4F48A23C4F9 /* Pods-Usha.release.xcconfig */;
			buildSettings = {
				ASSETCATALOG_COMPILER_APPICON_NAME = AppIcon;
				CODE_SIGN_STYLE = Automatic;
				INFOPLIST_FILE = Usha/Info.plist;
				LD_RUNPATH_SEARCH_PATHS = (
					"$(inherited)",
					"@executable_path/Frameworks",
				);
				PRODUCT_BUNDLE_IDENTIFIER = com.raj.Usha;
				PRODUCT_NAME = "$(TARGET_NAME)";
				SWIFT_VERSION = 5.0;
				TARGETED_DEVICE_FAMILY = "1,2";
			};
			name = Release;
		};
/* End XCBuildConfiguration section */

/* Begin XCConfigurationList section */
		CC2C4CA2244D857500E988EA /* Build configuration list for PBXProject "Usha" */ = {
			isa = XCConfigurationList;
			buildConfigurations = (
				CC2C4CB9244D857600E988EA /* Debug */,
				CC2C4CBA244D857600E988EA /* Release */,
			);
			defaultConfigurationIsVisible = 0;
			defaultConfigurationName = Release;
		};
		CC2C4CBB244D857600E988EA /* Build configuration list for PBXNativeTarget "Usha" */ = {
			isa = XCConfigurationList;
			buildConfigurations = (
				CC2C4CBC244D857600E988EA /* Debug */,
				CC2C4CBD244D857600E988EA /* Release */,
			);
			defaultConfigurationIsVisible = 0;
			defaultConfigurationName = Release;
		};
/* End XCConfigurationList section */
	};
	rootObject = CC2C4C9F244D857500E988EA /* Project object */;
}
